
Microsoft Visual Studio Solution File, Format Version 12.00
# Visual Studio 15
VisualStudioVersion = 15.0.28307.705
MinimumVisualStudioVersion = 10.0.40219.1
Project("{F184B08F-C81C-45F6-A57F-5ABD9991F28F}") = "DataOrder", "DataOrder\DataOrder.vbproj", "{AE0DBF7D-6DCD-4C10-AAE3-BD4E7D8A5B3A}"
EndProject
Global
	GlobalSection(SolutionConfigurationPlatforms) = preSolution
		Debug|Any CPU = Debug|Any CPU
		Release|Any CPU = Release|Any CPU
	EndGlobalSection
	GlobalSection(ProjectConfigurationPlatforms) = postSolution
		{AE0DBF7D-6DCD-4C10-AAE3-BD4E7D8A5B3A}.Debug|Any CPU.ActiveCfg = Debug|Any CPU
		{AE0DBF7D-6DCD-4C10-AAE3-BD4E7D8A5B3A}.Debug|Any CPU.Build.0 = Debug|Any CPU
		{AE0DBF7D-6DCD-4C10-AAE3-BD4E7D8A5B3A}.Release|Any CPU.ActiveCfg = Release|Any CPU
		{AE0DBF7D-6DCD-4C10-AAE3-BD4E7D8A5B3A}.Release|Any CPU.Build.0 = Release|Any CPU
	EndGlobalSection
	GlobalSection(SolutionProperties) = preSolution
		HideSolutionNode = FALSE
	EndGlobalSection
	GlobalSection(ExtensibilityGlobals) = postSolution
		SolutionGuid = {238A946D-9196-4AB7-8891-CFD0297FF9A3}
	EndGlobalSection
EndGlobal
